
Microsoft Visual Studio Solution File, Format Version 12.00
# Visual Studio 15
VisualStudioVersion = 15.0.28307.539
MinimumVisualStudioVersion = 10.0.40219.1
Project("{FAE04EC0-301F-11D3-BF4B-00C04F79EFBC}") = "Git_Support Tool", "Git_Support Tool\Git_Support Tool.csproj", "{EC403BED-48BB-4801-B3C9-ABFAAC0CFFCE}"
EndProject
Global
	GlobalSection(SolutionConfigurationPlatforms) = preSolution
		Debug|Any CPU = Debug|Any CPU
		Release|Any CPU = Release|Any CPU
	EndGlobalSection
	GlobalSection(ProjectConfigurationPlatforms) = postSolution
		{EC403BED-48BB-4801-B3C9-ABFAAC0CFFCE}.Debug|Any CPU.ActiveCfg = Debug|Any CPU
		{EC403BED-48BB-4801-B3C9-ABFAAC0CFFCE}.Debug|Any CPU.Build.0 = Debug|Any CPU
		{EC403BED-48BB-4801-B3C9-ABFAAC0CFFCE}.Release|Any CPU.ActiveCfg = Release|Any CPU
		{EC403BED-48BB-4801-B3C9-ABFAAC0CFFCE}.Release|Any CPU.Build.0 = Release|Any CPU
	EndGlobalSection
	GlobalSection(SolutionProperties) = preSolution
		HideSolutionNode = FALSE
	EndGlobalSection
	GlobalSection(ExtensibilityGlobals) = postSolution
		SolutionGuid = {3D9231BE-54DB-4C9B-BD1E-858E7CCF8E52}
	EndGlobalSection
EndGlobal
